
Microsoft Visual Studio Solution File, Format Version 12.00
Project("{FAE04EC0-301F-11D3-BF4B-00C04F79EFBC}") = "ElsaServerApp", "ElsaServerApp\ElsaServerApp.csproj", "{6313FEE1-B234-46B7-B329-BD243271A9DF}"
EndProject
Project("{FAE04EC0-301F-11D3-BF4B-00C04F79EFBC}") = "ElsaServer", "ElsaServer\ElsaServer.csproj", "{2AB25E5B-7A31-4551-A361-2CB959568D1D}"
EndProject
Global
	GlobalSection(SolutionConfigurationPlatforms) = preSolution
		Debug|Any CPU = Debug|Any CPU
		Release|Any CPU = Release|Any CPU
	EndGlobalSection
	GlobalSection(ProjectConfigurationPlatforms) = postSolution
		{6313FEE1-B234-46B7-B329-BD243271A9DF}.Debug|Any CPU.ActiveCfg = Debug|Any CPU
		{6313FEE1-B234-46B7-B329-BD243271A9DF}.Debug|Any CPU.Build.0 = Debug|Any CPU
		{6313FEE1-B234-46B7-B329-BD243271A9DF}.Release|Any CPU.ActiveCfg = Release|Any CPU
		{6313FEE1-B234-46B7-B329-BD243271A9DF}.Release|Any CPU.Build.0 = Release|Any CPU
		{2AB25E5B-7A31-4551-A361-2CB959568D1D}.Debug|Any CPU.ActiveCfg = Debug|Any CPU
		{2AB25E5B-7A31-4551-A361-2CB959568D1D}.Debug|Any CPU.Build.0 = Debug|Any CPU
		{2AB25E5B-7A31-4551-A361-2CB959568D1D}.Release|Any CPU.ActiveCfg = Release|Any CPU
		{2AB25E5B-7A31-4551-A361-2CB959568D1D}.Release|Any CPU.Build.0 = Release|Any CPU
	EndGlobalSection
EndGlobal
